// !$*UTF8*$!
{
	archiveVersion = 1;
	classes = {
	};
	objectVersion = 50;
	objects = {

/* Begin PBXBuildFile section */
		CA19FFA722A7A632002B19E8 /* MapEntity.swift in Sources */ = {isa = PBXBuildFile; fileRef = CA19FFA622A7A632002B19E8 /* MapEntity.swift */; };
		CA406C5722A77D9A0039D573 /* CategoryTableViewCell.swift in Sources */ = {isa = PBXBuildFile; fileRef = CA406C5522A77D9A0039D573 /* CategoryTableViewCell.swift */; };
		CA406C5822A77D9A0039D573 /* CategoryTableViewCell.xib in Resources */ = {isa = PBXBuildFile; fileRef = CA406C5622A77D9A0039D573 /* CategoryTableViewCell.xib */; };
		CA406C5A22A785E90039D573 /* Types.swift in Sources */ = {isa = PBXBuildFile; fileRef = CA406C5922A785E90039D573 /* Types.swift */; };
		CA42A7F722A816F1008EB89D /* MapAnnotations.swift in Sources */ = {isa = PBXBuildFile; fileRef = CA42A7F622A816F1008EB89D /* MapAnnotations.swift */; };
		CA59066622A6E58500C82D85 /* AppDelegate.swift in Sources */ = {isa = PBXBuildFile; fileRef = CA59066522A6E58500C82D85 /* AppDelegate.swift */; };
		CA59066822A6E58500C82D85 /* ViewController.swift in Sources */ = {isa = PBXBuildFile; fileRef = CA59066722A6E58500C82D85 /* ViewController.swift */; };
		CA59066B22A6E58500C82D85 /* Main.storyboard in Resources */ = {isa = PBXBuildFile; fileRef = CA59066922A6E58500C82D85 /* Main.storyboard */; };
		CA59066D22A6E58700C82D85 /* Assets.xcassets in Resources */ = {isa = PBXBuildFile; fileRef = CA59066C22A6E58700C82D85 /* Assets.xcassets */; };
		CA59067022A6E58800C82D85 /* LaunchScreen.storyboard in Resources */ = {isa = PBXBuildFile; fileRef = CA59066E22A6E58800C82D85 /* LaunchScreen.storyboard */; };
		CA59067822A6E6A500C82D85 /* Command.swift in Sources */ = {isa = PBXBuildFile; fileRef = CA59067722A6E6A500C82D85 /* Command.swift */; };
		CAA9470122A7B59300895ECE /* CategorySpecificViewController.swift in Sources */ = {isa = PBXBuildFile; fileRef = CAA946FF22A7B59300895ECE /* CategorySpecificViewController.swift */; };
		CAA9470222A7B59300895ECE /* CategorySpecificViewController.xib in Resources */ = {isa = PBXBuildFile; fileRef = CAA9470022A7B59300895ECE /* CategorySpecificViewController.xib */; };
		CAA9470522A7BA3F00895ECE /* customCollectionViewCell.swift in Sources */ = {isa = PBXBuildFile; fileRef = CAA9470322A7BA3F00895ECE /* customCollectionViewCell.swift */; };
		CAA9470622A7BA3F00895ECE /* customCollectionViewCell.xib in Resources */ = {isa = PBXBuildFile; fileRef = CAA9470422A7BA3F00895ECE /* customCollectionViewCell.xib */; };
		CAA9470822A7C98F00895ECE /* ImageDownloader.swift in Sources */ = {isa = PBXBuildFile; fileRef = CAA9470722A7C98F00895ECE /* ImageDownloader.swift */; };
/* End PBXBuildFile section */

/* Begin PBXFileReference section */
		CA19FFA622A7A632002B19E8 /* MapEntity.swift */ = {isa = PBXFileReference; lastKnownFileType = sourcecode.swift; path = MapEntity.swift; sourceTree = "<group>"; };
		CA406C5522A77D9A0039D573 /* CategoryTableViewCell.swift */ = {isa = PBXFileReference; lastKnownFileType = sourcecode.swift; path = CategoryTableViewCell.swift; sourceTree = "<group>"; };
		CA406C5622A77D9A0039D573 /* CategoryTableViewCell.xib */ = {isa = PBXFileReference; lastKnownFileType = file.xib; path = CategoryTableViewCell.xib; sourceTree = "<group>"; };
		CA406C5922A785E90039D573 /* Types.swift */ = {isa = PBXFileReference; lastKnownFileType = sourcecode.swift; path = Types.swift; sourceTree = "<group>"; };
		CA42A7F622A816F1008EB89D /* MapAnnotations.swift */ = {isa = PBXFileReference; lastKnownFileType = sourcecode.swift; path = MapAnnotations.swift; sourceTree = "<group>"; };
		CA59066222A6E58500C82D85 /* Places App.app */ = {isa = PBXFileReference; explicitFileType = wrapper.application; includeInIndex = 0; path = "Places App.app"; sourceTree = BUILT_PRODUCTS_DIR; };
		CA59066522A6E58500C82D85 /* AppDelegate.swift */ = {isa = PBXFileReference; lastKnownFileType = sourcecode.swift; path = AppDelegate.swift; sourceTree = "<group>"; };
		CA59066722A6E58500C82D85 /* ViewController.swift */ = {isa = PBXFileReference; lastKnownFileType = sourcecode.swift; path = ViewController.swift; sourceTree = "<group>"; };
		CA59066A22A6E58500C82D85 /* Base */ = {isa = PBXFileReference; lastKnownFileType = file.storyboard; name = Base; path = Base.lproj/Main.storyboard; sourceTree = "<group>"; };
		CA59066C22A6E58700C82D85 /* Assets.xcassets */ = {isa = PBXFileReference; lastKnownFileType = folder.assetcatalog; path = Assets.xcassets; sourceTree = "<group>"; };
		CA59066F22A6E58800C82D85 /* Base */ = {isa = PBXFileReference; lastKnownFileType = file.storyboard; name = Base; path = Base.lproj/LaunchScreen.storyboard; sourceTree = "<group>"; };
		CA59067122A6E58800C82D85 /* Info.plist */ = {isa = PBXFileReference; lastKnownFileType = text.plist.xml; path = Info.plist; sourceTree = "<group>"; };
		CA59067722A6E6A500C82D85 /* Command.swift */ = {isa = PBXFileReference; lastKnownFileType = sourcecode.swift; path = Command.swift; sourceTree = "<group>"; };
		CAA946FF22A7B59300895ECE /* CategorySpecificViewController.swift */ = {isa = PBXFileReference; lastKnownFileType = sourcecode.swift; path = CategorySpecificViewController.swift; sourceTree = "<group>"; };
		CAA9470022A7B59300895ECE /* CategorySpecificViewController.xib */ = {isa = PBXFileReference; lastKnownFileType = file.xib; path = CategorySpecificViewController.xib; sourceTree = "<group>"; };
		CAA9470322A7BA3F00895ECE /* customCollectionViewCell.swift */ = {isa = PBXFileReference; lastKnownFileType = sourcecode.swift; path = customCollectionViewCell.swift; sourceTree = "<group>"; };
		CAA9470422A7BA3F00895ECE /* customCollectionViewCell.xib */ = {isa = PBXFileReference; lastKnownFileType = file.xib; path = customCollectionViewCell.xib; sourceTree = "<group>"; };
		CAA9470722A7C98F00895ECE /* ImageDownloader.swift */ = {isa = PBXFileReference; lastKnownFileType = sourcecode.swift; path = ImageDownloader.swift; sourceTree = "<group>"; };
/* End PBXFileReference section */

/* Begin PBXFrameworksBuildPhase section */
		CA59065F22A6E58500C82D85 /* Frameworks */ = {
			isa = PBXFrameworksBuildPhase;
			buildActionMask = 2147483647;
			files = (
			);
			runOnlyForDeploymentPostprocessing = 0;
		};
/* End PBXFrameworksBuildPhase section */

/* Begin PBXGroup section */
		CA19FFA822A7A8C7002B19E8 /* Model */ = {
			isa = PBXGroup;
			children = (
				CA19FFA622A7A632002B19E8 /* MapEntity.swift */,
				CA42A7F622A816F1008EB89D /* MapAnnotations.swift */,
			);
			path = Model;
			sourceTree = "<group>";
		};
		CA406C5B22A78A990039D573 /* Custom Cells */ = {
			isa = PBXGroup;
			children = (
				CA406C5522A77D9A0039D573 /* CategoryTableViewCell.swift */,
				CA406C5622A77D9A0039D573 /* CategoryTableViewCell.xib */,
				CAA9470322A7BA3F00895ECE /* customCollectionViewCell.swift */,
				CAA9470422A7BA3F00895ECE /* customCollectionViewCell.xib */,
			);
			path = "Custom Cells";
			sourceTree = "<group>";
		};
		CA406C5C22A78AAB0039D573 /* Supporting Code */ = {
			isa = PBXGroup;
			children = (
				CA406C5922A785E90039D573 /* Types.swift */,
				CA59067722A6E6A500C82D85 /* Command.swift */,
				CAA9470722A7C98F00895ECE /* ImageDownloader.swift */,
			);
			path = "Supporting Code";
			sourceTree = "<group>";
		};
		CA406C5D22A78AC50039D573 /* Controllers */ = {
			isa = PBXGroup;
			children = (
				CA59066722A6E58500C82D85 /* ViewController.swift */,
				CAA946FF22A7B59300895ECE /* CategorySpecificViewController.swift */,
				CAA9470022A7B59300895ECE /* CategorySpecificViewController.xib */,
			);
			path = Controllers;
			sourceTree = "<group>";
		};
		CA59065922A6E58500C82D85 = {
			isa = PBXGroup;
			children = (
				CA59066422A6E58500C82D85 /* Places App */,
				CA59066322A6E58500C82D85 /* Products */,
			);
			sourceTree = "<group>";
		};
		CA59066322A6E58500C82D85 /* Products */ = {
			isa = PBXGroup;
			children = (
				CA59066222A6E58500C82D85 /* Places App.app */,
			);
			name = Products;
			sourceTree = "<group>";
		};
		CA59066422A6E58500C82D85 /* Places App */ = {
			isa = PBXGroup;
			children = (
				CA19FFA822A7A8C7002B19E8 /* Model */,
				CA406C5B22A78A990039D573 /* Custom Cells */,
				CA59066522A6E58500C82D85 /* AppDelegate.swift */,
				CA406C5D22A78AC50039D573 /* Controllers */,
				CA406C5C22A78AAB0039D573 /* Supporting Code */,
				CA59066922A6E58500C82D85 /* Main.storyboard */,
				CA59066C22A6E58700C82D85 /* Assets.xcassets */,
				CA59066E22A6E58800C82D85 /* LaunchScreen.storyboard */,
				CA59067122A6E58800C82D85 /* Info.plist */,
			);
			path = "Places App";
			sourceTree = "<group>";
		};
/* End PBXGroup section */

/* Begin PBXNativeTarget section */
		CA59066122A6E58500C82D85 /* Places App */ = {
			isa = PBXNativeTarget;
			buildConfigurationList = CA59067422A6E58800C82D85 /* Build configuration list for PBXNativeTarget "Places App" */;
			buildPhases = (
				CA59065E22A6E58500C82D85 /* Sources */,
				CA59065F22A6E58500C82D85 /* Frameworks */,
				CA59066022A6E58500C82D85 /* Resources */,
			);
			buildRules = (
			);
			dependencies = (
			);
			name = "Places App";
			productName = "Places App";
			productReference = CA59066222A6E58500C82D85 /* Places App.app */;
			productType = "com.apple.product-type.application";
		};
/* End PBXNativeTarget section */

/* Begin PBXProject section */
		CA59065A22A6E58500C82D85 /* Project object */ = {
			isa = PBXProject;
			attributes = {
				LastSwiftUpdateCheck = 1020;
				LastUpgradeCheck = 1020;
				ORGANIZATIONNAME = "Shashwat ";
				TargetAttributes = {
					CA59066122A6E58500C82D85 = {
						CreatedOnToolsVersion = 10.2.1;
					};
				};
			};
			buildConfigurationList = CA59065D22A6E58500C82D85 /* Build configuration list for PBXProject "Places App" */;
			compatibilityVersion = "Xcode 9.3";
			developmentRegion = en;
			hasScannedForEncodings = 0;
			knownRegions = (
				en,
				Base,
			);
			mainGroup = CA59065922A6E58500C82D85;
			productRefGroup = CA59066322A6E58500C82D85 /* Products */;
			projectDirPath = "";
			projectRoot = "";
			targets = (
				CA59066122A6E58500C82D85 /* Places App */,
			);
		};
/* End PBXProject section */

/* Begin PBXResourcesBuildPhase section */
		CA59066022A6E58500C82D85 /* Resources */ = {
			isa = PBXResourcesBuildPhase;
			buildActionMask = 2147483647;
			files = (
				CA59067022A6E58800C82D85 /* LaunchScreen.storyboard in Resources */,
				CAA9470622A7BA3F00895ECE /* customCollectionViewCell.xib in Resources */,
				CA59066D22A6E58700C82D85 /* Assets.xcassets in Resources */,
				CAA9470222A7B59300895ECE /* CategorySpecificViewController.xib in Resources */,
				CA59066B22A6E58500C82D85 /* Main.storyboard in Resources */,
				CA406C5822A77D9A0039D573 /* CategoryTableViewCell.xib in Resources */,
			);
			runOnlyForDeploymentPostprocessing = 0;
		};
/* End PBXResourcesBuildPhase section */

/* Begin PBXSourcesBuildPhase section */
		CA59065E22A6E58500C82D85 /* Sources */ = {
			isa = PBXSourcesBuildPhase;
			buildActionMask = 2147483647;
			files = (
				CA59066822A6E58500C82D85 /* ViewController.swift in Sources */,
				CAA9470122A7B59300895ECE /* CategorySpecificViewController.swift in Sources */,
				CA19FFA722A7A632002B19E8 /* MapEntity.swift in Sources */,
				CA42A7F722A816F1008EB89D /* MapAnnotations.swift in Sources */,
				CAA9470522A7BA3F00895ECE /* customCollectionViewCell.swift in Sources */,
				CA59066622A6E58500C82D85 /* AppDelegate.swift in Sources */,
				CA59067822A6E6A500C82D85 /* Command.swift in Sources */,
				CA406C5A22A785E90039D573 /* Types.swift in Sources */,
				CAA9470822A7C98F00895ECE /* ImageDownloader.swift in Sources */,
				CA406C5722A77D9A0039D573 /* CategoryTableViewCell.swift in Sources */,
			);
			runOnlyForDeploymentPostprocessing = 0;
		};
/* End PBXSourcesBuildPhase section */

/* Begin PBXVariantGroup section */
		CA59066922A6E58500C82D85 /* Main.storyboard */ = {
			isa = PBXVariantGroup;
			children = (
				CA59066A22A6E58500C82D85 /* Base */,
			);
			name = Main.storyboard;
			sourceTree = "<group>";
		};
		CA59066E22A6E58800C82D85 /* LaunchScreen.storyboard */ = {
			isa = PBXVariantGroup;
			children = (
				CA59066F22A6E58800C82D85 /* Base */,
			);
			name = LaunchScreen.storyboard;
			sourceTree = "<group>";
		};
/* End PBXVariantGroup section */

/* Begin XCBuildConfiguration section */
		CA59067222A6E58800C82D85 /* Debug */ = {
			isa = XCBuildConfiguration;
			buildSettings = {
				ALWAYS_SEARCH_USER_PATHS = NO;
				CLANG_ANALYZER_NONNULL = YES;
				CLANG_ANALYZER_NUMBER_OBJECT_CONVERSION = YES_AGGRESSIVE;
				CLANG_CXX_LANGUAGE_STANDARD = "gnu++14";
				CLANG_CXX_LIBRARY = "libc++";
				CLANG_ENABLE_MODULES = YES;
				CLANG_ENABLE_OBJC_ARC = YES;
				CLANG_ENABLE_OBJC_WEAK = YES;
				CLANG_WARN_BLOCK_CAPTURE_AUTORELEASING = YES;
				CLANG_WARN_BOOL_CONVERSION = YES;
				CLANG_WARN_COMMA = YES;
				CLANG_WARN_CONSTANT_CONVERSION = YES;
				CLANG_WARN_DEPRECATED_OBJC_IMPLEMENTATIONS = YES;
				CLANG_WARN_DIRECT_OBJC_ISA_USAGE = YES_ERROR;
				CLANG_WARN_DOCUMENTATION_COMMENTS = YES;
				CLANG_WARN_EMPTY_BODY = YES;
				CLANG_WARN_ENUM_CONVERSION = YES;
				CLANG_WARN_INFINITE_RECURSION = YES;
				CLANG_WARN_INT_CONVERSION = YES;
				CLANG_WARN_NON_LITERAL_NULL_CONVERSION = YES;
				CLANG_WARN_OBJC_IMPLICIT_RETAIN_SELF = YES;
				CLANG_WARN_OBJC_LITERAL_CONVERSION = YES;
				CLANG_WARN_OBJC_ROOT_CLASS = YES_ERROR;
				CLANG_WARN_RANGE_LOOP_ANALYSIS = YES;
				CLANG_WARN_STRICT_PROTOTYPES = YES;
				CLANG_WARN_SUSPICIOUS_MOVE = YES;
				CLANG_WARN_UNGUARDED_AVAILABILITY = YES_AGGRESSIVE;
				CLANG_WARN_UNREACHABLE_CODE = YES;
				CLANG_WARN__DUPLICATE_METHOD_MATCH = YES;
				CODE_SIGN_IDENTITY = "iPhone Developer";
				COPY_PHASE_STRIP = NO;
				DEBUG_INFORMATION_FORMAT = dwarf;
				ENABLE_STRICT_OBJC_MSGSEND = YES;
				ENABLE_TESTABILITY = YES;
				GCC_C_LANGUAGE_STANDARD = gnu11;
				GCC_DYNAMIC_NO_PIC = NO;
				GCC_NO_COMMON_BLOCKS = YES;
				GCC_OPTIMIZATION_LEVEL = 0;
				GCC_PREPROCESSOR_DEFINITIONS = (
					"DEBUG=1",
					"$(inherited)",
				);
				GCC_WARN_64_TO_32_BIT_CONVERSION = YES;
				GCC_WARN_ABOUT_RETURN_TYPE = YES_ERROR;
				GCC_WARN_UNDECLARED_SELECTOR = YES;
				GCC_WARN_UNINITIALIZED_AUTOS = YES_AGGRESSIVE;
				GCC_WARN_UNUSED_FUNCTION = YES;
				GCC_WARN_UNUSED_VARIABLE = YES;
				IPHONEOS_DEPLOYMENT_TARGET = 12.2;
				MTL_ENABLE_DEBUG_INFO = INCLUDE_SOURCE;
				MTL_FAST_MATH = YES;
				ONLY_ACTIVE_ARCH = YES;
				SDKROOT = iphoneos;
				SWIFT_ACTIVE_COMPILATION_CONDITIONS = DEBUG;
				SWIFT_OPTIMIZATION_LEVEL = "-Onone";
			};
			name = Debug;
		};
		CA59067322A6E58800C82D85 /* Release */ = {
			isa = XCBuildConfiguration;
			buildSettings = {
				ALWAYS_SEARCH_USER_PATHS = NO;
				CLANG_ANALYZER_NONNULL = YES;
				CLANG_ANALYZER_NUMBER_OBJECT_CONVERSION = YES_AGGRESSIVE;
				CLANG_CXX_LANGUAGE_STANDARD = "gnu++14";
				CLANG_CXX_LIBRARY = "libc++";
				CLANG_ENABLE_MODULES = YES;
				CLANG_ENABLE_OBJC_ARC = YES;
				CLANG_ENABLE_OBJC_WEAK = YES;
				CLANG_WARN_BLOCK_CAPTURE_AUTORELEASING = YES;
				CLANG_WARN_BOOL_CONVERSION = YES;
				CLANG_WARN_COMMA = YES;
				CLANG_WARN_CONSTANT_CONVERSION = YES;
				CLANG_WARN_DEPRECATED_OBJC_IMPLEMENTATIONS = YES;
				CLANG_WARN_DIRECT_OBJC_ISA_USAGE = YES_ERROR;
				CLANG_WARN_DOCUMENTATION_COMMENTS = YES;
				CLANG_WARN_EMPTY_BODY = YES;
				CLANG_WARN_ENUM_CONVERSION = YES;
				CLANG_WARN_INFINITE_RECURSION = YES;
				CLANG_WARN_INT_CONVERSION = YES;
				CLANG_WARN_NON_LITERAL_NULL_CONVERSION = YES;
				CLANG_WARN_OBJC_IMPLICIT_RETAIN_SELF = YES;
				CLANG_WARN_OBJC_LITERAL_CONVERSION = YES;
				CLANG_WARN_OBJC_ROOT_CLASS = YES_ERROR;
				CLANG_WARN_RANGE_LOOP_ANALYSIS = YES;
				CLANG_WARN_STRICT_PROTOTYPES = YES;
				CLANG_WARN_SUSPICIOUS_MOVE = YES;
				CLANG_WARN_UNGUARDED_AVAILABILITY = YES_AGGRESSIVE;
				CLANG_WARN_UNREACHABLE_CODE = YES;
				CLANG_WARN__DUPLICATE_METHOD_MATCH = YES;
				CODE_SIGN_IDENTITY = "iPhone Developer";
				COPY_PHASE_STRIP = NO;
				DEBUG_INFORMATION_FORMAT = "dwarf-with-dsym";
				ENABLE_NS_ASSERTIONS = NO;
				ENABLE_STRICT_OBJC_MSGSEND = YES;
				GCC_C_LANGUAGE_STANDARD = gnu11;
				GCC_NO_COMMON_BLOCKS = YES;
				GCC_WARN_64_TO_32_BIT_CONVERSION = YES;
				GCC_WARN_ABOUT_RETURN_TYPE = YES_ERROR;
				GCC_WARN_UNDECLARED_SELECTOR = YES;
				GCC_WARN_UNINITIALIZED_AUTOS = YES_AGGRESSIVE;
				GCC_WARN_UNUSED_FUNCTION = YES;
				GCC_WARN_UNUSED_VARIABLE = YES;
				IPHONEOS_DEPLOYMENT_TARGET = 12.2;
				MTL_ENABLE_DEBUG_INFO = NO;
				MTL_FAST_MATH = YES;
				SDKROOT = iphoneos;
				SWIFT_COMPILATION_MODE = wholemodule;
				SWIFT_OPTIMIZATION_LEVEL = "-O";
				VALIDATE_PRODUCT = YES;
			};
			name = Release;
		};
		CA59067522A6E58800C82D85 /* Debug */ = {
			isa = XCBuildConfiguration;
			buildSettings = {
				ASSETCATALOG_COMPILER_APPICON_NAME = AppIcon;
				CODE_SIGN_IDENTITY = "iPhone Developer";
				CODE_SIGN_STYLE = Automatic;
				DEVELOPMENT_TEAM = 235A2Z833B;
				INFOPLIST_FILE = "Places App/Info.plist";
				LD_RUNPATH_SEARCH_PATHS = (
					"$(inherited)",
					"@executable_path/Frameworks",
				);
				PRODUCT_BUNDLE_IDENTIFIER = "com.shashwat.kashyap.Places-App";
				PRODUCT_NAME = "$(TARGET_NAME)";
				PROVISIONING_PROFILE_SPECIFIER = "";
				SWIFT_VERSION = 5.0;
				TARGETED_DEVICE_FAMILY = "1,2";
			};
			name = Debug;
		};
		CA59067622A6E58800C82D85 /* Release */ = {
			isa = XCBuildConfiguration;
			buildSettings = {
				ASSETCATALOG_COMPILER_APPICON_NAME = AppIcon;
				CODE_SIGN_IDENTITY = "iPhone Developer";
				CODE_SIGN_STYLE = Automatic;
				DEVELOPMENT_TEAM = 235A2Z833B;
				INFOPLIST_FILE = "Places App/Info.plist";
				LD_RUNPATH_SEARCH_PATHS = (
					"$(inherited)",
					"@executable_path/Frameworks",
				);
				PRODUCT_BUNDLE_IDENTIFIER = "com.shashwat.kashyap.Places-App";
				PRODUCT_NAME = "$(TARGET_NAME)";
				PROVISIONING_PROFILE_SPECIFIER = "";
				SWIFT_VERSION = 5.0;
				TARGETED_DEVICE_FAMILY = "1,2";
			};
			name = Release;
		};
/* End XCBuildConfiguration section */

/* Begin XCConfigurationList section */
		CA59065D22A6E58500C82D85 /* Build configuration list for PBXProject "Places App" */ = {
			isa = XCConfigurationList;
			buildConfigurations = (
				CA59067222A6E58800C82D85 /* Debug */,
				CA59067322A6E58800C82D85 /* Release */,
			);
			defaultConfigurationIsVisible = 0;
			defaultConfigurationName = Release;
		};
		CA59067422A6E58800C82D85 /* Build configuration list for PBXNativeTarget "Places App" */ = {
			isa = XCConfigurationList;
			buildConfigurations = (
				CA59067522A6E58800C82D85 /* Debug */,
				CA59067622A6E58800C82D85 /* Release */,
			);
			defaultConfigurationIsVisible = 0;
			defaultConfigurationName = Release;
		};
/* End XCConfigurationList section */
	};
	rootObject = CA59065A22A6E58500C82D85 /* Project object */;
}
